Microsoft Visual Studio Solution File, Format Version 8.00
Project("{8BC9CEB8-8B4A-11D0-8D11-00A0C91BC942}") = "ACPP", "acpp\ACPP.vcproj", "{67F56C6E-746F-465D-A1C4-68353EC57CC4}"
	ProjectSection(ProjectDependencies) = postProject
	EndProjectSection
EndProject
Project("{8BC9CEB8-8B4A-11D0-8D11-00A0C91BC942}") = "SIMMdll", "SIMMdll\SIMMdll.vcproj", "{5AAFFF20-13B7-4466-AD14-FD895C096599}"
	ProjectSection(ProjectDependencies) = postProject
		{67F56C6E-746F-465D-A1C4-68353EC57CC4} = {67F56C6E-746F-465D-A1C4-68353EC57CC4}
		{7E8D089C-3CFF-4CCF-A9C9-18795CD3D2D9} = {7E8D089C-3CFF-4CCF-A9C9-18795CD3D2D9}
		{F95FBDF1-02B4-4862-A9A6-647CDF8FCD8B} = {F95FBDF1-02B4-4862-A9A6-647CDF8FCD8B}
	EndProjectSection
EndProject
Project("{8BC9CEB8-8B4A-11D0-8D11-00A0C91BC942}") = "dynsim", "dynsim\dynsim.vcproj", "{D5004A34-1FF8-4AAD-B1E4-B1DD26E87EBE}"
	ProjectSection(ProjectDependencies) = postProject
		{67F56C6E-746F-465D-A1C4-68353EC57CC4} = {67F56C6E-746F-465D-A1C4-68353EC57CC4}
		{7E8D089C-3CFF-4CCF-A9C9-18795CD3D2D9} = {7E8D089C-3CFF-4CCF-A9C9-18795CD3D2D9}
		{F95FBDF1-02B4-4862-A9A6-647CDF8FCD8B} = {F95FBDF1-02B4-4862-A9A6-647CDF8FCD8B}
	EndProjectSection
EndProject
Project("{8BC9CEB8-8B4A-11D0-8D11-00A0C91BC942}") = "qhull", "qhull\qhull.vcproj", "{F95FBDF1-02B4-4862-A9A6-647CDF8FCD8B}"
	ProjectSection(ProjectDependencies) = postProject
	EndProjectSection
EndProject
Project("{8BC9CEB8-8B4A-11D0-8D11-00A0C91BC942}") = "solid", "SOLID\solid.vcproj", "{7E8D089C-3CFF-4CCF-A9C9-18795CD3D2D9}"
	ProjectSection(ProjectDependencies) = postProject
	EndProjectSection
EndProject
Global
	GlobalSection(SolutionConfiguration) = preSolution
		Debug = Debug
		Release = Release
	EndGlobalSection
	GlobalSection(ProjectConfiguration) = postSolution
		{67F56C6E-746F-465D-A1C4-68353EC57CC4}.Debug.ActiveCfg = Debug|Win32
		{67F56C6E-746F-465D-A1C4-68353EC57CC4}.Debug.Build.0 = Debug|Win32
		{67F56C6E-746F-465D-A1C4-68353EC57CC4}.Release.ActiveCfg = Release|Win32
		{67F56C6E-746F-465D-A1C4-68353EC57CC4}.Release.Build.0 = Release|Win32
		{5AAFFF20-13B7-4466-AD14-FD895C096599}.Debug.ActiveCfg = Debug|Win32
		{5AAFFF20-13B7-4466-AD14-FD895C096599}.Debug.Build.0 = Debug|Win32
		{5AAFFF20-13B7-4466-AD14-FD895C096599}.Release.ActiveCfg = Release|Win32
		{5AAFFF20-13B7-4466-AD14-FD895C096599}.Release.Build.0 = Release|Win32
		{D5004A34-1FF8-4AAD-B1E4-B1DD26E87EBE}.Debug.ActiveCfg = Debug|Win32
		{D5004A34-1FF8-4AAD-B1E4-B1DD26E87EBE}.Debug.Build.0 = Debug|Win32
		{D5004A34-1FF8-4AAD-B1E4-B1DD26E87EBE}.Release.ActiveCfg = Release|Win32
		{F95FBDF1-02B4-4862-A9A6-647CDF8FCD8B}.Debug.ActiveCfg = Debug|Win32
		{F95FBDF1-02B4-4862-A9A6-647CDF8FCD8B}.Debug.Build.0 = Debug|Win32
		{F95FBDF1-02B4-4862-A9A6-647CDF8FCD8B}.Release.ActiveCfg = Release|Win32
		{F95FBDF1-02B4-4862-A9A6-647CDF8FCD8B}.Release.Build.0 = Release|Win32
		{7E8D089C-3CFF-4CCF-A9C9-18795CD3D2D9}.Debug.ActiveCfg = Debug|Win32
		{7E8D089C-3CFF-4CCF-A9C9-18795CD3D2D9}.Debug.Build.0 = Debug|Win32
		{7E8D089C-3CFF-4CCF-A9C9-18795CD3D2D9}.Release.ActiveCfg = Release|Win32
		{7E8D089C-3CFF-4CCF-A9C9-18795CD3D2D9}.Release.Build.0 = Release|Win32
	EndGlobalSection
	GlobalSection(ExtensibilityGlobals) = postSolution
	EndGlobalSection
	GlobalSection(ExtensibilityAddIns) = postSolution
	EndGlobalSection
EndGlobal
