Microsoft Visual Studio Solution File, Format Version 8.00
Project("{8BC9CEB8-8B4A-11D0-8D11-00A0C91BC942}") = "all", "all\all.vcproj", "{E305E46C-9D74-4755-BF57-29DEAEF4DCDD}"
	ProjectSection(ProjectDependencies) = postProject
		{152CE948-F659-4206-A50A-1D2B9658EF96} = {152CE948-F659-4206-A50A-1D2B9658EF96}
	EndProjectSection
EndProject
Project("{8BC9CEB8-8B4A-11D0-8D11-00A0C91BC942}") = "XercesLib", "XercesLib\XercesLib.vcproj", "{152CE948-F659-4206-A50A-1D2B9658EF96}"
	ProjectSection(ProjectDependencies) = postProject
	EndProjectSection
EndProject
Global
	GlobalSection(SolutionConfiguration) = preSolution
		Debug = Debug
		Release = Release
	EndGlobalSection
	GlobalSection(ProjectConfiguration) = postSolution
		{E305E46C-9D74-4755-BF57-29DEAEF4DCDD}.Debug.ActiveCfg = Debug|Win32
		{E305E46C-9D74-4755-BF57-29DEAEF4DCDD}.Debug.Build.0 = Debug|Win32
		{E305E46C-9D74-4755-BF57-29DEAEF4DCDD}.Release.ActiveCfg = Release|Win32
		{E305E46C-9D74-4755-BF57-29DEAEF4DCDD}.Release.Build.0 = Release|Win32
		{152CE948-F659-4206-A50A-1D2B9658EF96}.Debug.ActiveCfg = Debug|Win32
		{152CE948-F659-4206-A50A-1D2B9658EF96}.Debug.Build.0 = Debug|Win32
		{152CE948-F659-4206-A50A-1D2B9658EF96}.Release.ActiveCfg = Release|Win32
		{152CE948-F659-4206-A50A-1D2B9658EF96}.Release.Build.0 = Release|Win32
	EndGlobalSection
	GlobalSection(ExtensibilityGlobals) = postSolution
	EndGlobalSection
	GlobalSection(ExtensibilityAddIns) = postSolution
	EndGlobalSection
EndGlobal
