Microsoft Visual Studio Solution File, Format Version 8.00
Project("{8BC9CEB8-8B4A-11D0-8D11-00A0C91BC942}") = "cgmalWalking01", "..\..\Models\CGMALWalking01\cgmalWalking01\cgmalWalking01.vcproj", "{4CC402B1-773C-49AD-9750-378535B7D9BE}"
	ProjectSection(ProjectDependencies) = postProject
	EndProjectSection
EndProject
Project("{8BC9CEB8-8B4A-11D0-8D11-00A0C91BC942}") = "rdBlock", "..\..\Models\Block\rdBlock\rdBlock.vcproj", "{B9368198-C45E-42AA-A748-29983ADA7129}"
	ProjectSection(ProjectDependencies) = postProject
	EndProjectSection
EndProject
Project("{8BC9CEB8-8B4A-11D0-8D11-00A0C91BC942}") = "rdUTWalking8", "..\..\Models\UTWalking8\rdUTWalking8\rdUTWalking8.vcproj", "{70A108B4-31E5-4E62-89BF-4C61F4BEE2FF}"
	ProjectSection(ProjectDependencies) = postProject
	EndProjectSection
EndProject
Project("{8BC9CEB8-8B4A-11D0-8D11-00A0C91BC942}") = "suHopper", "..\..\Models\Hopper\suHopper\suHopper.vcproj", "{4EE97738-1E68-4CAA-B23E-6A2942D2650E}"
	ProjectSection(ProjectDependencies) = postProject
	EndProjectSection
EndProject
Project("{8BC9CEB8-8B4A-11D0-8D11-00A0C91BC942}") = "suSlider", "..\..\Models\Slider\suSlider\suSlider.vcproj", "{15E6761C-5DB3-4F3D-B7C3-22C75926C2B0}"
	ProjectSection(ProjectDependencies) = postProject
	EndProjectSection
EndProject
Global
	GlobalSection(SolutionConfiguration) = preSolution
		Debug = Debug
		Release = Release
	EndGlobalSection
	GlobalSection(ProjectConfiguration) = postSolution
		{4CC402B1-773C-49AD-9750-378535B7D9BE}.Debug.ActiveCfg = Debug|Win32
		{4CC402B1-773C-49AD-9750-378535B7D9BE}.Debug.Build.0 = Debug|Win32
		{4CC402B1-773C-49AD-9750-378535B7D9BE}.Release.ActiveCfg = Release|Win32
		{4CC402B1-773C-49AD-9750-378535B7D9BE}.Release.Build.0 = Release|Win32
		{B9368198-C45E-42AA-A748-29983ADA7129}.Debug.ActiveCfg = Debug|Win32
		{B9368198-C45E-42AA-A748-29983ADA7129}.Debug.Build.0 = Debug|Win32
		{B9368198-C45E-42AA-A748-29983ADA7129}.Release.ActiveCfg = Release|Win32
		{B9368198-C45E-42AA-A748-29983ADA7129}.Release.Build.0 = Release|Win32
		{70A108B4-31E5-4E62-89BF-4C61F4BEE2FF}.Debug.ActiveCfg = Debug|Win32
		{70A108B4-31E5-4E62-89BF-4C61F4BEE2FF}.Debug.Build.0 = Debug|Win32
		{70A108B4-31E5-4E62-89BF-4C61F4BEE2FF}.Release.ActiveCfg = Release|Win32
		{70A108B4-31E5-4E62-89BF-4C61F4BEE2FF}.Release.Build.0 = Release|Win32
		{4EE97738-1E68-4CAA-B23E-6A2942D2650E}.Debug.ActiveCfg = Debug|Win32
		{4EE97738-1E68-4CAA-B23E-6A2942D2650E}.Debug.Build.0 = Debug|Win32
		{4EE97738-1E68-4CAA-B23E-6A2942D2650E}.Release.ActiveCfg = Release|Win32
		{4EE97738-1E68-4CAA-B23E-6A2942D2650E}.Release.Build.0 = Release|Win32
		{15E6761C-5DB3-4F3D-B7C3-22C75926C2B0}.Debug.ActiveCfg = Debug|Win32
		{15E6761C-5DB3-4F3D-B7C3-22C75926C2B0}.Debug.Build.0 = Debug|Win32
		{15E6761C-5DB3-4F3D-B7C3-22C75926C2B0}.Release.ActiveCfg = Release|Win32
		{15E6761C-5DB3-4F3D-B7C3-22C75926C2B0}.Release.Build.0 = Release|Win32
	EndGlobalSection
	GlobalSection(ExtensibilityGlobals) = postSolution
	EndGlobalSection
	GlobalSection(ExtensibilityAddIns) = postSolution
	EndGlobalSection
EndGlobal
