Microsoft Visual Studio Solution File, Format Version 9.00
# Visual Studio 2005
Project("{8BC9CEB8-8B4A-11D0-8D11-00A0C91BC942}") = "all", "all\all.vcproj", "{E305E46C-9D74-4755-BF57-29DEAEF4DCDD}"
	ProjectSection(ProjectDependencies) = postProject
		{152CE948-F659-4206-A50A-1D2B9658EF96} = {152CE948-F659-4206-A50A-1D2B9658EF96}
	EndProjectSection
EndProject
Project("{8BC9CEB8-8B4A-11D0-8D11-00A0C91BC942}") = "XercesLib", "XercesLib\XercesLib.vcproj", "{152CE948-F659-4206-A50A-1D2B9658EF96}"
EndProject
Global
	GlobalSection(SolutionConfigurationPlatforms) = preSolution
		Debug|Win32 = Debug|Win32
		Release|Win32 = Release|Win32
		Static Debug|Win32 = Static Debug|Win32
		Static Release|Win32 = Static Release|Win32
	EndGlobalSection
	GlobalSection(ProjectConfigurationPlatforms) = postSolution
		{E305E46C-9D74-4755-BF57-29DEAEF4DCDD}.Debug|Win32.ActiveCfg = Debug|Win32
		{E305E46C-9D74-4755-BF57-29DEAEF4DCDD}.Debug|Win32.Build.0 = Debug|Win32
		{E305E46C-9D74-4755-BF57-29DEAEF4DCDD}.Release|Win32.ActiveCfg = Release|Win32
		{E305E46C-9D74-4755-BF57-29DEAEF4DCDD}.Release|Win32.Build.0 = Release|Win32
		{E305E46C-9D74-4755-BF57-29DEAEF4DCDD}.Static Debug|Win32.ActiveCfg = Static Debug|Win32
		{E305E46C-9D74-4755-BF57-29DEAEF4DCDD}.Static Debug|Win32.Build.0 = Static Debug|Win32
		{E305E46C-9D74-4755-BF57-29DEAEF4DCDD}.Static Release|Win32.ActiveCfg = Static Release|Win32
		{E305E46C-9D74-4755-BF57-29DEAEF4DCDD}.Static Release|Win32.Build.0 = Static Release|Win32
		{152CE948-F659-4206-A50A-1D2B9658EF96}.Debug|Win32.ActiveCfg = Debug|Win32
		{152CE948-F659-4206-A50A-1D2B9658EF96}.Debug|Win32.Build.0 = Debug|Win32
		{152CE948-F659-4206-A50A-1D2B9658EF96}.Release|Win32.ActiveCfg = Release|Win32
		{152CE948-F659-4206-A50A-1D2B9658EF96}.Release|Win32.Build.0 = Release|Win32
		{152CE948-F659-4206-A50A-1D2B9658EF96}.Static Debug|Win32.ActiveCfg = Static Debug|Win32
		{152CE948-F659-4206-A50A-1D2B9658EF96}.Static Debug|Win32.Build.0 = Static Debug|Win32
		{152CE948-F659-4206-A50A-1D2B9658EF96}.Static Release|Win32.ActiveCfg = Static Release|Win32
		{152CE948-F659-4206-A50A-1D2B9658EF96}.Static Release|Win32.Build.0 = Static Release|Win32
	EndGlobalSection
	GlobalSection(SolutionProperties) = preSolution
		HideSolutionNode = FALSE
	EndGlobalSection
	GlobalSection(DPCodeReviewSolutionGUID) = preSolution
		DPCodeReviewSolutionGUID = {00000000-0000-0000-0000-000000000000}
	EndGlobalSection
EndGlobal
